
Microsoft Visual Studio Solution File, Format Version 12.00
# Visual Studio 15
Project("{FAE04EC0-301F-11D3-BF4B-00C04F79EFBC}") = "Faculty", "Faculty\Faculty.csproj", "{9AACD22A-B991-49A5-A065-0D9CD3246C4A}"
EndProject
Project("{FAE04EC0-301F-11D3-BF4B-00C04F79EFBC}") = "Faculty8", "Faculty8\Faculty8.csproj", "{AB7907ED-436A-4F9A-A00E-2790306BE715}"
EndProject
Global
	GlobalSection(SolutionConfigurationPlatforms) = preSolution
		Debug|anycpu = Debug|anycpu
		Release|anycpu = Release|anycpu
	EndGlobalSection
	GlobalSection(ProjectConfigurationPlatforms) = postSolution
		{9AACD22A-B991-49A5-A065-0D9CD3246C4A}.Debug|anycpu.ActiveCfg = Debug|anycpu
		{9AACD22A-B991-49A5-A065-0D9CD3246C4A}.Debug|anycpu.Build.0 = Debug|anycpu
		{9AACD22A-B991-49A5-A065-0D9CD3246C4A}.Release|anycpu.ActiveCfg = Release|anycpu
		{9AACD22A-B991-49A5-A065-0D9CD3246C4A}.Release|anycpu.Build.0 = Release|anycpu
		{AB7907ED-436A-4F9A-A00E-2790306BE715}.Debug|anycpu.ActiveCfg = Debug|anycpu
		{AB7907ED-436A-4F9A-A00E-2790306BE715}.Debug|anycpu.Build.0 = Debug|anycpu
		{AB7907ED-436A-4F9A-A00E-2790306BE715}.Release|anycpu.ActiveCfg = Release|anycpu
		{AB7907ED-436A-4F9A-A00E-2790306BE715}.Release|anycpu.Build.0 = Release|anycpu
	EndGlobalSection
EndGlobal
